
Microsoft Visual Studio Solution File, Format Version 12.00
# Visual Studio Version 16
VisualStudioVersion = 16.0.32002.261
MinimumVisualStudioVersion = 10.0.40219.1
Project("{FAE04EC0-301F-11D3-BF4B-00C04F79EFBC}") = "Level1", "Level1\Level1.csproj", "{9C075CCD-0A04-446C-86CF-8F050631CD79}"
EndProject
Project("{FAE04EC0-301F-11D3-BF4B-00C04F79EFBC}") = "Level2", "Level2\Level2.csproj", "{D157D0C1-C63F-4DEE-A5FA-40ECFA7765AC}"
EndProject
Project("{FAE04EC0-301F-11D3-BF4B-00C04F79EFBC}") = "Level3", "Level3\Level3.csproj", "{9877A404-F287-4A67-8367-0F63B2176FBB}"
EndProject
Global
	GlobalSection(SolutionConfigurationPlatforms) = preSolution
		Debug|Any CPU = Debug|Any CPU
		Release|Any CPU = Release|Any CPU
	EndGlobalSection
	GlobalSection(ProjectConfigurationPlatforms) = postSolution
		{9C075CCD-0A04-446C-86CF-8F050631CD79}.Debug|Any CPU.ActiveCfg = Debug|Any CPU
		{9C075CCD-0A04-446C-86CF-8F050631CD79}.Debug|Any CPU.Build.0 = Debug|Any CPU
		{9C075CCD-0A04-446C-86CF-8F050631CD79}.Release|Any CPU.ActiveCfg = Release|Any CPU
		{9C075CCD-0A04-446C-86CF-8F050631CD79}.Release|Any CPU.Build.0 = Release|Any CPU
		{D157D0C1-C63F-4DEE-A5FA-40ECFA7765AC}.Debug|Any CPU.ActiveCfg = Debug|Any CPU
		{D157D0C1-C63F-4DEE-A5FA-40ECFA7765AC}.Debug|Any CPU.Build.0 = Debug|Any CPU
		{D157D0C1-C63F-4DEE-A5FA-40ECFA7765AC}.Release|Any CPU.ActiveCfg = Release|Any CPU
		{D157D0C1-C63F-4DEE-A5FA-40ECFA7765AC}.Release|Any CPU.Build.0 = Release|Any CPU
		{9877A404-F287-4A67-8367-0F63B2176FBB}.Debug|Any CPU.ActiveCfg = Debug|Any CPU
		{9877A404-F287-4A67-8367-0F63B2176FBB}.Debug|Any CPU.Build.0 = Debug|Any CPU
		{9877A404-F287-4A67-8367-0F63B2176FBB}.Release|Any CPU.ActiveCfg = Release|Any CPU
		{9877A404-F287-4A67-8367-0F63B2176FBB}.Release|Any CPU.Build.0 = Release|Any CPU
	EndGlobalSection
	GlobalSection(SolutionProperties) = preSolution
		HideSolutionNode = FALSE
	EndGlobalSection
	GlobalSection(ExtensibilityGlobals) = postSolution
		SolutionGuid = {BDDF2388-8B59-47FE-8213-C777A0EC045D}
	EndGlobalSection
EndGlobal
